{
  "object": {
    "pins": [
      {
        "package": "Artemisia",
        "repositoryURL": "https://github.com/lingoer/Artemisia.git",
        "state": {
          "branch": "main",
          "revision": "357988eec6a7b317481a1439eba44d6470112b12",
          "version": null
        }
      }
    ]
  },
  "version": 1
}
