{
  "object": {
    "pins": [
      {
        "package": "Artemisia",
        "repositoryURL": "https://github.com/lingoer/Artemisia.git",
        "state": {
          "branch": "main",
          "revision": "8639623e2f9849e69ec3eff190cf2f1a29b948cb",
          "version": null
        }
      }
    ]
  },
  "version": 1
}
